
Microsoft Visual Studio Solution File, Format Version 12.00
# Visual Studio Version 16
VisualStudioVersion = 16.0.32901.82
MinimumVisualStudioVersion = 10.0.40219.1
Project("{C9674DCB-5085-4A16-B785-4C70DD1589BD}") = "DMDDesafio1FioDio", "DMDDesafio1FioDio.dtproj", "{1D1C2198-B0C4-470F-9C22-201775B16A4C}"
EndProject
Global
	GlobalSection(SolutionConfigurationPlatforms) = preSolution
		Development|Default = Development|Default
	EndGlobalSection
	GlobalSection(ProjectConfigurationPlatforms) = postSolution
		{1D1C2198-B0C4-470F-9C22-201775B16A4C}.Development|Default.ActiveCfg = Development
		{1D1C2198-B0C4-470F-9C22-201775B16A4C}.Development|Default.Build.0 = Development
	EndGlobalSection
	GlobalSection(SolutionProperties) = preSolution
		HideSolutionNode = FALSE
	EndGlobalSection
	GlobalSection(ExtensibilityGlobals) = postSolution
		SolutionGuid = {BB715F66-998B-4BA3-9C7F-4EC9A31E3BEA}
	EndGlobalSection
EndGlobal
